
Microsoft Visual Studio Solution File, Format Version 11.00
# Visual Studio 2010
Project("{FAE04EC0-301F-11D3-BF4B-00C04F79EFBC}") = "ProjectMan", "WebApplication3\ProjectMan.csproj", "{1B32A81A-5CC6-4F9F-9242-23E8CF1ABE91}"
EndProject
Global
	GlobalSection(SolutionConfigurationPlatforms) = preSolution
		Debug|Any CPU = Debug|Any CPU
		Release|Any CPU = Release|Any CPU
	EndGlobalSection
	GlobalSection(ProjectConfigurationPlatforms) = postSolution
		{1B32A81A-5CC6-4F9F-9242-23E8CF1ABE91}.Debug|Any CPU.ActiveCfg = Debug|Any CPU
		{1B32A81A-5CC6-4F9F-9242-23E8CF1ABE91}.Debug|Any CPU.Build.0 = Debug|Any CPU
		{1B32A81A-5CC6-4F9F-9242-23E8CF1ABE91}.Release|Any CPU.ActiveCfg = Release|Any CPU
		{1B32A81A-5CC6-4F9F-9242-23E8CF1ABE91}.Release|Any CPU.Build.0 = Release|Any CPU
	EndGlobalSection
	GlobalSection(SolutionProperties) = preSolution
		HideSolutionNode = FALSE
	EndGlobalSection
EndGlobal
